// !$*UTF8*$!
{
	archiveVersion = 1;
	classes = {
	};
	objectVersion = 46;
	objects = {

/* Begin PBXBuildFile section */
		C46528EA1CD8AB480064A6E2 /* AppDelegate.swift in Sources */ = {isa = PBXBuildFile; fileRef = C46528E91CD8AB480064A6E2 /* AppDelegate.swift */; };
		C46528EC1CD8AB480064A6E2 /* ViewController.swift in Sources */ = {isa = PBXBuildFile; fileRef = C46528EB1CD8AB480064A6E2 /* ViewController.swift */; };
		C46528EF1CD8AB480064A6E2 /* Main.storyboard in Resources */ = {isa = PBXBuildFile; fileRef = C46528ED1CD8AB480064A6E2 /* Main.storyboard */; };
		C46528F11CD8AB480064A6E2 /* Assets.xcassets in Resources */ = {isa = PBXBuildFile; fileRef = C46528F01CD8AB480064A6E2 /* Assets.xcassets */; };
		C46528F41CD8AB480064A6E2 /* LaunchScreen.storyboard in Resources */ = {isa = PBXBuildFile; fileRef = C46528F21CD8AB480064A6E2 /* LaunchScreen.storyboard */; };
		C46528FF1CD8AB480064A6E2 /* MusicVideoTests.swift in Sources */ = {isa = PBXBuildFile; fileRef = C46528FE1CD8AB480064A6E2 /* MusicVideoTests.swift */; };
		C465290A1CD8AB480064A6E2 /* MusicVideoUITests.swift in Sources */ = {isa = PBXBuildFile; fileRef = C46529091CD8AB480064A6E2 /* MusicVideoUITests.swift */; };
		C465291D1CD8B17C0064A6E2 /* APIManager.swift in Sources */ = {isa = PBXBuildFile; fileRef = C465291C1CD8B17C0064A6E2 /* APIManager.swift */; };
		C465DECC1CE0A32E000B92E9 /* Constants.swift in Sources */ = {isa = PBXBuildFile; fileRef = C465DECB1CE0A32E000B92E9 /* Constants.swift */; };
		C465DECE1CE0A55B000B92E9 /* MusicVideo.swift in Sources */ = {isa = PBXBuildFile; fileRef = C465DECD1CE0A55B000B92E9 /* MusicVideo.swift */; };
/* End PBXBuildFile section */

/* Begin PBXContainerItemProxy section */
		C46528FB1CD8AB480064A6E2 /* PBXContainerItemProxy */ = {
			isa = PBXContainerItemProxy;
			containerPortal = C46528DE1CD8AB480064A6E2 /* Project object */;
			proxyType = 1;
			remoteGlobalIDString = C46528E51CD8AB480064A6E2;
			remoteInfo = MusicVideo;
		};
		C46529061CD8AB480064A6E2 /* PBXContainerItemProxy */ = {
			isa = PBXContainerItemProxy;
			containerPortal = C46528DE1CD8AB480064A6E2 /* Project object */;
			proxyType = 1;
			remoteGlobalIDString = C46528E51CD8AB480064A6E2;
			remoteInfo = MusicVideo;
		};
/* End PBXContainerItemProxy section */

/* Begin PBXFileReference section */
		C46528E61CD8AB480064A6E2 /* MusicVideo.app */ = {isa = PBXFileReference; explicitFileType = wrapper.application; includeInIndex = 0; path = MusicVideo.app; sourceTree = BUILT_PRODUCTS_DIR; };
		C46528E91CD8AB480064A6E2 /* AppDelegate.swift */ = {isa = PBXFileReference; lastKnownFileType = sourcecode.swift; path = AppDelegate.swift; sourceTree = "<group>"; };
		C46528EB1CD8AB480064A6E2 /* ViewController.swift */ = {isa = PBXFileReference; lastKnownFileType = sourcecode.swift; path = ViewController.swift; sourceTree = "<group>"; };
		C46528EE1CD8AB480064A6E2 /* Base */ = {isa = PBXFileReference; lastKnownFileType = file.storyboard; name = Base; path = Base.lproj/Main.storyboard; sourceTree = "<group>"; };
		C46528F01CD8AB480064A6E2 /* Assets.xcassets */ = {isa = PBXFileReference; lastKnownFileType = folder.assetcatalog; path = Assets.xcassets; sourceTree = "<group>"; };
		C46528F31CD8AB480064A6E2 /* Base */ = {isa = PBXFileReference; lastKnownFileType = file.storyboard; name = Base; path = Base.lproj/LaunchScreen.storyboard; sourceTree = "<group>"; };
		C46528F51CD8AB480064A6E2 /* Info.plist */ = {isa = PBXFileReference; lastKnownFileType = text.plist.xml; path = Info.plist; sourceTree = "<group>"; };
		C46528FA1CD8AB480064A6E2 /* MusicVideoTests.xctest */ = {isa = PBXFileReference; explicitFileType = wrapper.cfbundle; includeInIndex = 0; path = MusicVideoTests.xctest; sourceTree = BUILT_PRODUCTS_DIR; };
		C46528FE1CD8AB480064A6E2 /* MusicVideoTests.swift */ = {isa = PBXFileReference; lastKnownFileType = sourcecode.swift; path = MusicVideoTests.swift; sourceTree = "<group>"; };
		C46529001CD8AB480064A6E2 /* Info.plist */ = {isa = PBXFileReference; lastKnownFileType = text.plist.xml; path = Info.plist; sourceTree = "<group>"; };
		C46529051CD8AB480064A6E2 /* MusicVideoUITests.xctest */ = {isa = PBXFileReference; explicitFileType = wrapper.cfbundle; includeInIndex = 0; path = MusicVideoUITests.xctest; sourceTree = BUILT_PRODUCTS_DIR; };
		C46529091CD8AB480064A6E2 /* MusicVideoUITests.swift */ = {isa = PBXFileReference; lastKnownFileType = sourcecode.swift; path = MusicVideoUITests.swift; sourceTree = "<group>"; };
		C465290B1CD8AB480064A6E2 /* Info.plist */ = {isa = PBXFileReference; lastKnownFileType = text.plist.xml; path = Info.plist; sourceTree = "<group>"; };
		C465291C1CD8B17C0064A6E2 /* APIManager.swift */ = {isa = PBXFileReference; fileEncoding = 4; lastKnownFileType = sourcecode.swift; path = APIManager.swift; sourceTree = "<group>"; };
		C465DECB1CE0A32E000B92E9 /* Constants.swift */ = {isa = PBXFileReference; fileEncoding = 4; lastKnownFileType = sourcecode.swift; path = Constants.swift; sourceTree = "<group>"; };
		C465DECD1CE0A55B000B92E9 /* MusicVideo.swift */ = {isa = PBXFileReference; fileEncoding = 4; lastKnownFileType = sourcecode.swift; path = MusicVideo.swift; sourceTree = "<group>"; };
/* End PBXFileReference section */

/* Begin PBXFrameworksBuildPhase section */
		C46528E31CD8AB480064A6E2 /* Frameworks */ = {
			isa = PBXFrameworksBuildPhase;
			buildActionMask = 2147483647;
			files = (
			);
			runOnlyForDeploymentPostprocessing = 0;
		};
		C46528F71CD8AB480064A6E2 /* Frameworks */ = {
			isa = PBXFrameworksBuildPhase;
			buildActionMask = 2147483647;
			files = (
			);
			runOnlyForDeploymentPostprocessing = 0;
		};
		C46529021CD8AB480064A6E2 /* Frameworks */ = {
			isa = PBXFrameworksBuildPhase;
			buildActionMask = 2147483647;
			files = (
			);
			runOnlyForDeploymentPostprocessing = 0;
		};
/* End PBXFrameworksBuildPhase section */

/* Begin PBXGroup section */
		C46528DD1CD8AB480064A6E2 = {
			isa = PBXGroup;
			children = (
				C46528E81CD8AB480064A6E2 /* MusicVideo */,
				C46528FD1CD8AB480064A6E2 /* MusicVideoTests */,
				C46529081CD8AB480064A6E2 /* MusicVideoUITests */,
				C46528E71CD8AB480064A6E2 /* Products */,
			);
			sourceTree = "<group>";
		};
		C46528E71CD8AB480064A6E2 /* Products */ = {
			isa = PBXGroup;
			children = (
				C46528E61CD8AB480064A6E2 /* MusicVideo.app */,
				C46528FA1CD8AB480064A6E2 /* MusicVideoTests.xctest */,
				C46529051CD8AB480064A6E2 /* MusicVideoUITests.xctest */,
			);
			name = Products;
			sourceTree = "<group>";
		};
		C46528E81CD8AB480064A6E2 /* MusicVideo */ = {
			isa = PBXGroup;
			children = (
				C465DECA1CE0A305000B92E9 /* Utils */,
				C465291B1CD8AE520064A6E2 /* Supporting Files */,
				C46529171CD8ADE90064A6E2 /* Model */,
				C46529181CD8AE180064A6E2 /* Controller */,
				C46529191CD8AE2A0064A6E2 /* View */,
			);
			path = MusicVideo;
			sourceTree = "<group>";
		};
		C46528FD1CD8AB480064A6E2 /* MusicVideoTests */ = {
			isa = PBXGroup;
			children = (
				C46528FE1CD8AB480064A6E2 /* MusicVideoTests.swift */,
				C46529001CD8AB480064A6E2 /* Info.plist */,
			);
			path = MusicVideoTests;
			sourceTree = "<group>";
		};
		C46529081CD8AB480064A6E2 /* MusicVideoUITests */ = {
			isa = PBXGroup;
			children = (
				C46529091CD8AB480064A6E2 /* MusicVideoUITests.swift */,
				C465290B1CD8AB480064A6E2 /* Info.plist */,
			);
			path = MusicVideoUITests;
			sourceTree = "<group>";
		};
		C46529171CD8ADE90064A6E2 /* Model */ = {
			isa = PBXGroup;
			children = (
				C465291C1CD8B17C0064A6E2 /* APIManager.swift */,
				C465DECD1CE0A55B000B92E9 /* MusicVideo.swift */,
			);
			name = Model;
			sourceTree = "<group>";
		};
		C46529181CD8AE180064A6E2 /* Controller */ = {
			isa = PBXGroup;
			children = (
				C46528EB1CD8AB480064A6E2 /* ViewController.swift */,
			);
			name = Controller;
			sourceTree = "<group>";
		};
		C46529191CD8AE2A0064A6E2 /* View */ = {
			isa = PBXGroup;
			children = (
				C46528F21CD8AB480064A6E2 /* LaunchScreen.storyboard */,
				C46528ED1CD8AB480064A6E2 /* Main.storyboard */,
			);
			name = View;
			sourceTree = "<group>";
		};
		C465291B1CD8AE520064A6E2 /* Supporting Files */ = {
			isa = PBXGroup;
			children = (
				C46528F51CD8AB480064A6E2 /* Info.plist */,
				C46528F01CD8AB480064A6E2 /* Assets.xcassets */,
				C46528E91CD8AB480064A6E2 /* AppDelegate.swift */,
			);
			name = "Supporting Files";
			sourceTree = "<group>";
		};
		C465DECA1CE0A305000B92E9 /* Utils */ = {
			isa = PBXGroup;
			children = (
				C465DECB1CE0A32E000B92E9 /* Constants.swift */,
			);
			name = Utils;
			sourceTree = "<group>";
		};
/* End PBXGroup section */

/* Begin PBXNativeTarget section */
		C46528E51CD8AB480064A6E2 /* MusicVideo */ = {
			isa = PBXNativeTarget;
			buildConfigurationList = C465290E1CD8AB480064A6E2 /* Build configuration list for PBXNativeTarget "MusicVideo" */;
			buildPhases = (
				C46528E21CD8AB480064A6E2 /* Sources */,
				C46528E31CD8AB480064A6E2 /* Frameworks */,
				C46528E41CD8AB480064A6E2 /* Resources */,
			);
			buildRules = (
			);
			dependencies = (
			);
			name = MusicVideo;
			productName = MusicVideo;
			productReference = C46528E61CD8AB480064A6E2 /* MusicVideo.app */;
			productType = "com.apple.product-type.application";
		};
		C46528F91CD8AB480064A6E2 /* MusicVideoTests */ = {
			isa = PBXNativeTarget;
			buildConfigurationList = C46529111CD8AB480064A6E2 /* Build configuration list for PBXNativeTarget "MusicVideoTests" */;
			buildPhases = (
				C46528F61CD8AB480064A6E2 /* Sources */,
				C46528F71CD8AB480064A6E2 /* Frameworks */,
				C46528F81CD8AB480064A6E2 /* Resources */,
			);
			buildRules = (
			);
			dependencies = (
				C46528FC1CD8AB480064A6E2 /* PBXTargetDependency */,
			);
			name = MusicVideoTests;
			productName = MusicVideoTests;
			productReference = C46528FA1CD8AB480064A6E2 /* MusicVideoTests.xctest */;
			productType = "com.apple.product-type.bundle.unit-test";
		};
		C46529041CD8AB480064A6E2 /* MusicVideoUITests */ = {
			isa = PBXNativeTarget;
			buildConfigurationList = C46529141CD8AB480064A6E2 /* Build configuration list for PBXNativeTarget "MusicVideoUITests" */;
			buildPhases = (
				C46529011CD8AB480064A6E2 /* Sources */,
				C46529021CD8AB480064A6E2 /* Frameworks */,
				C46529031CD8AB480064A6E2 /* Resources */,
			);
			buildRules = (
			);
			dependencies = (
				C46529071CD8AB480064A6E2 /* PBXTargetDependency */,
			);
			name = MusicVideoUITests;
			productName = MusicVideoUITests;
			productReference = C46529051CD8AB480064A6E2 /* MusicVideoUITests.xctest */;
			productType = "com.apple.product-type.bundle.ui-testing";
		};
/* End PBXNativeTarget section */

/* Begin PBXProject section */
		C46528DE1CD8AB480064A6E2 /* Project object */ = {
			isa = PBXProject;
			attributes = {
				LastSwiftUpdateCheck = 0730;
				LastUpgradeCheck = 0730;
				ORGANIZATIONNAME = Yury;
				TargetAttributes = {
					C46528E51CD8AB480064A6E2 = {
						CreatedOnToolsVersion = 7.3;
						DevelopmentTeam = 8K2VU5584X;
					};
					C46528F91CD8AB480064A6E2 = {
						CreatedOnToolsVersion = 7.3;
						DevelopmentTeam = 8K2VU5584X;
						TestTargetID = C46528E51CD8AB480064A6E2;
					};
					C46529041CD8AB480064A6E2 = {
						CreatedOnToolsVersion = 7.3;
						DevelopmentTeam = 8K2VU5584X;
						TestTargetID = C46528E51CD8AB480064A6E2;
					};
				};
			};
			buildConfigurationList = C46528E11CD8AB480064A6E2 /* Build configuration list for PBXProject "MusicVideo" */;
			compatibilityVersion = "Xcode 3.2";
			developmentRegion = English;
			hasScannedForEncodings = 0;
			knownRegions = (
				en,
				Base,
			);
			mainGroup = C46528DD1CD8AB480064A6E2;
			productRefGroup = C46528E71CD8AB480064A6E2 /* Products */;
			projectDirPath = "";
			projectRoot = "";
			targets = (
				C46528E51CD8AB480064A6E2 /* MusicVideo */,
				C46528F91CD8AB480064A6E2 /* MusicVideoTests */,
				C46529041CD8AB480064A6E2 /* MusicVideoUITests */,
			);
		};
/* End PBXProject section */

/* Begin PBXResourcesBuildPhase section */
		C46528E41CD8AB480064A6E2 /* Resources */ = {
			isa = PBXResourcesBuildPhase;
			buildActionMask = 2147483647;
			files = (
				C46528F41CD8AB480064A6E2 /* LaunchScreen.storyboard in Resources */,
				C46528F11CD8AB480064A6E2 /* Assets.xcassets in Resources */,
				C46528EF1CD8AB480064A6E2 /* Main.storyboard in Resources */,
			);
			runOnlyForDeploymentPostprocessing = 0;
		};
		C46528F81CD8AB480064A6E2 /* Resources */ = {
			isa = PBXResourcesBuildPhase;
			buildActionMask = 2147483647;
			files = (
			);
			runOnlyForDeploymentPostprocessing = 0;
		};
		C46529031CD8AB480064A6E2 /* Resources */ = {
			isa = PBXResourcesBuildPhase;
			buildActionMask = 2147483647;
			files = (
			);
			runOnlyForDeploymentPostprocessing = 0;
		};
/* End PBXResourcesBuildPhase section */

/* Begin PBXSourcesBuildPhase section */
		C46528E21CD8AB480064A6E2 /* Sources */ = {
			isa = PBXSourcesBuildPhase;
			buildActionMask = 2147483647;
			files = (
				C465291D1CD8B17C0064A6E2 /* APIManager.swift in Sources */,
				C46528EC1CD8AB480064A6E2 /* ViewController.swift in Sources */,
				C465DECE1CE0A55B000B92E9 /* MusicVideo.swift in Sources */,
				C46528EA1CD8AB480064A6E2 /* AppDelegate.swift in Sources */,
				C465DECC1CE0A32E000B92E9 /* Constants.swift in Sources */,
			);
			runOnlyForDeploymentPostprocessing = 0;
		};
		C46528F61CD8AB480064A6E2 /* Sources */ = {
			isa = PBXSourcesBuildPhase;
			buildActionMask = 2147483647;
			files = (
				C46528FF1CD8AB480064A6E2 /* MusicVideoTests.swift in Sources */,
			);
			runOnlyForDeploymentPostprocessing = 0;
		};
		C46529011CD8AB480064A6E2 /* Sources */ = {
			isa = PBXSourcesBuildPhase;
			buildActionMask = 2147483647;
			files = (
				C465290A1CD8AB480064A6E2 /* MusicVideoUITests.swift in Sources */,
			);
			runOnlyForDeploymentPostprocessing = 0;
		};
/* End PBXSourcesBuildPhase section */

/* Begin PBXTargetDependency section */
		C46528FC1CD8AB480064A6E2 /* PBXTargetDependency */ = {
			isa = PBXTargetDependency;
			target = C46528E51CD8AB480064A6E2 /* MusicVideo */;
			targetProxy = C46528FB1CD8AB480064A6E2 /* PBXContainerItemProxy */;
		};
		C46529071CD8AB480064A6E2 /* PBXTargetDependency */ = {
			isa = PBXTargetDependency;
			target = C46528E51CD8AB480064A6E2 /* MusicVideo */;
			targetProxy = C46529061CD8AB480064A6E2 /* PBXContainerItemProxy */;
		};
/* End PBXTargetDependency section */

/* Begin PBXVariantGroup section */
		C46528ED1CD8AB480064A6E2 /* Main.storyboard */ = {
			isa = PBXVariantGroup;
			children = (
				C46528EE1CD8AB480064A6E2 /* Base */,
			);
			name = Main.storyboard;
			sourceTree = "<group>";
		};
		C46528F21CD8AB480064A6E2 /* LaunchScreen.storyboard */ = {
			isa = PBXVariantGroup;
			children = (
				C46528F31CD8AB480064A6E2 /* Base */,
			);
			name = LaunchScreen.storyboard;
			sourceTree = "<group>";
		};
/* End PBXVariantGroup section */

/* Begin XCBuildConfiguration section */
		C465290C1CD8AB480064A6E2 /* Debug */ = {
			isa = XCBuildConfiguration;
			buildSettings = {
				ALWAYS_SEARCH_USER_PATHS = NO;
				CLANG_ANALYZER_NONNULL = YES;
				CLANG_CXX_LANGUAGE_STANDARD = "gnu++0x";
				CLANG_CXX_LIBRARY = "libc++";
				CLANG_ENABLE_MODULES = YES;
				CLANG_ENABLE_OBJC_ARC = YES;
				CLANG_WARN_BOOL_CONVERSION = YES;
				CLANG_WARN_CONSTANT_CONVERSION = YES;
				CLANG_WARN_DIRECT_OBJC_ISA_USAGE = YES_ERROR;
				CLANG_WARN_EMPTY_BODY = YES;
				CLANG_WARN_ENUM_CONVERSION = YES;
				CLANG_WARN_INT_CONVERSION = YES;
				CLANG_WARN_OBJC_ROOT_CLASS = YES_ERROR;
				CLANG_WARN_UNREACHABLE_CODE = YES;
				CLANG_WARN__DUPLICATE_METHOD_MATCH = YES;
				"CODE_SIGN_IDENTITY[sdk=iphoneos*]" = "iPhone Developer";
				COPY_PHASE_STRIP = NO;
				DEBUG_INFORMATION_FORMAT = dwarf;
				ENABLE_STRICT_OBJC_MSGSEND = YES;
				ENABLE_TESTABILITY = YES;
				GCC_C_LANGUAGE_STANDARD = gnu99;
				GCC_DYNAMIC_NO_PIC = NO;
				GCC_NO_COMMON_BLOCKS = YES;
				GCC_OPTIMIZATION_LEVEL = 0;
				GCC_PREPROCESSOR_DEFINITIONS = (
					"DEBUG=1",
					"$(inherited)",
				);
				GCC_WARN_64_TO_32_BIT_CONVERSION = YES;
				GCC_WARN_ABOUT_RETURN_TYPE = YES_ERROR;
				GCC_WARN_UNDECLARED_SELECTOR = YES;
				GCC_WARN_UNINITIALIZED_AUTOS = YES_AGGRESSIVE;
				GCC_WARN_UNUSED_FUNCTION = YES;
				GCC_WARN_UNUSED_VARIABLE = YES;
				IPHONEOS_DEPLOYMENT_TARGET = 9.3;
				MTL_ENABLE_DEBUG_INFO = YES;
				ONLY_ACTIVE_ARCH = YES;
				SDKROOT = iphoneos;
				SWIFT_OPTIMIZATION_LEVEL = "-Onone";
				TARGETED_DEVICE_FAMILY = "1,2";
			};
			name = Debug;
		};
		C465290D1CD8AB480064A6E2 /* Release */ = {
			isa = XCBuildConfiguration;
			buildSettings = {
				ALWAYS_SEARCH_USER_PATHS = NO;
				CLANG_ANALYZER_NONNULL = YES;
				CLANG_CXX_LANGUAGE_STANDARD = "gnu++0x";
				CLANG_CXX_LIBRARY = "libc++";
				CLANG_ENABLE_MODULES = YES;
				CLANG_ENABLE_OBJC_ARC = YES;
				CLANG_WARN_BOOL_CONVERSION = YES;
				CLANG_WARN_CONSTANT_CONVERSION = YES;
				CLANG_WARN_DIRECT_OBJC_ISA_USAGE = YES_ERROR;
				CLANG_WARN_EMPTY_BODY = YES;
				CLANG_WARN_ENUM_CONVERSION = YES;
				CLANG_WARN_INT_CONVERSION = YES;
				CLANG_WARN_OBJC_ROOT_CLASS = YES_ERROR;
				CLANG_WARN_UNREACHABLE_CODE = YES;
				CLANG_WARN__DUPLICATE_METHOD_MATCH = YES;
				"CODE_SIGN_IDENTITY[sdk=iphoneos*]" = "iPhone Developer";
				COPY_PHASE_STRIP = NO;
				DEBUG_INFORMATION_FORMAT = "dwarf-with-dsym";
				ENABLE_NS_ASSERTIONS = NO;
				ENABLE_STRICT_OBJC_MSGSEND = YES;
				GCC_C_LANGUAGE_STANDARD = gnu99;
				GCC_NO_COMMON_BLOCKS = YES;
				GCC_WARN_64_TO_32_BIT_CONVERSION = YES;
				GCC_WARN_ABOUT_RETURN_TYPE = YES_ERROR;
				GCC_WARN_UNDECLARED_SELECTOR = YES;
				GCC_WARN_UNINITIALIZED_AUTOS = YES_AGGRESSIVE;
				GCC_WARN_UNUSED_FUNCTION = YES;
				GCC_WARN_UNUSED_VARIABLE = YES;
				IPHONEOS_DEPLOYMENT_TARGET = 9.3;
				MTL_ENABLE_DEBUG_INFO = NO;
				SDKROOT = iphoneos;
				TARGETED_DEVICE_FAMILY = "1,2";
				VALIDATE_PRODUCT = YES;
			};
			name = Release;
		};
		C465290F1CD8AB480064A6E2 /* Debug */ = {
			isa = XCBuildConfiguration;
			buildSettings = {
				ASSETCATALOG_COMPILER_APPICON_NAME = AppIcon;
				INFOPLIST_FILE = MusicVideo/Info.plist;
				LD_RUNPATH_SEARCH_PATHS = "$(inherited) @executable_path/Frameworks";
				PRODUCT_BUNDLE_IDENTIFIER = Mitus.MusicVideo;
				PRODUCT_NAME = "$(TARGET_NAME)";
			};
			name = Debug;
		};
		C46529101CD8AB480064A6E2 /* Release */ = {
			isa = XCBuildConfiguration;
			buildSettings = {
				ASSETCATALOG_COMPILER_APPICON_NAME = AppIcon;
				INFOPLIST_FILE = MusicVideo/Info.plist;
				LD_RUNPATH_SEARCH_PATHS = "$(inherited) @executable_path/Frameworks";
				PRODUCT_BUNDLE_IDENTIFIER = Mitus.MusicVideo;
				PRODUCT_NAME = "$(TARGET_NAME)";
			};
			name = Release;
		};
		C46529121CD8AB480064A6E2 /* Debug */ = {
			isa = XCBuildConfiguration;
			buildSettings = {
				BUNDLE_LOADER = "$(TEST_HOST)";
				INFOPLIST_FILE = MusicVideoTests/Info.plist;
				LD_RUNPATH_SEARCH_PATHS = "$(inherited) @executable_path/Frameworks @loader_path/Frameworks";
				PRODUCT_BUNDLE_IDENTIFIER = Mitus.MusicVideoTests;
				PRODUCT_NAME = "$(TARGET_NAME)";
				TEST_HOST = "$(BUILT_PRODUCTS_DIR)/MusicVideo.app/MusicVideo";
			};
			name = Debug;
		};
		C46529131CD8AB480064A6E2 /* Release */ = {
			isa = XCBuildConfiguration;
			buildSettings = {
				BUNDLE_LOADER = "$(TEST_HOST)";
				INFOPLIST_FILE = MusicVideoTests/Info.plist;
				LD_RUNPATH_SEARCH_PATHS = "$(inherited) @executable_path/Frameworks @loader_path/Frameworks";
				PRODUCT_BUNDLE_IDENTIFIER = Mitus.MusicVideoTests;
				PRODUCT_NAME = "$(TARGET_NAME)";
				TEST_HOST = "$(BUILT_PRODUCTS_DIR)/MusicVideo.app/MusicVideo";
			};
			name = Release;
		};
		C46529151CD8AB480064A6E2 /* Debug */ = {
			isa = XCBuildConfiguration;
			buildSettings = {
				INFOPLIST_FILE = MusicVideoUITests/Info.plist;
				LD_RUNPATH_SEARCH_PATHS = "$(inherited) @executable_path/Frameworks @loader_path/Frameworks";
				PRODUCT_BUNDLE_IDENTIFIER = Mitus.MusicVideoUITests;
				PRODUCT_NAME = "$(TARGET_NAME)";
				TEST_TARGET_NAME = MusicVideo;
			};
			name = Debug;
		};
		C46529161CD8AB480064A6E2 /* Release */ = {
			isa = XCBuildConfiguration;
			buildSettings = {
				INFOPLIST_FILE = MusicVideoUITests/Info.plist;
				LD_RUNPATH_SEARCH_PATHS = "$(inherited) @executable_path/Frameworks @loader_path/Frameworks";
				PRODUCT_BUNDLE_IDENTIFIER = Mitus.MusicVideoUITests;
				PRODUCT_NAME = "$(TARGET_NAME)";
				TEST_TARGET_NAME = MusicVideo;
			};
			name = Release;
		};
/* End XCBuildConfiguration section */

/* Begin XCConfigurationList section */
		C46528E11CD8AB480064A6E2 /* Build configuration list for PBXProject "MusicVideo" */ = {
			isa = XCConfigurationList;
			buildConfigurations = (
				C465290C1CD8AB480064A6E2 /* Debug */,
				C465290D1CD8AB480064A6E2 /* Release */,
			);
			defaultConfigurationIsVisible = 0;
			defaultConfigurationName = Release;
		};
		C465290E1CD8AB480064A6E2 /* Build configuration list for PBXNativeTarget "MusicVideo" */ = {
			isa = XCConfigurationList;
			buildConfigurations = (
				C465290F1CD8AB480064A6E2 /* Debug */,
				C46529101CD8AB480064A6E2 /* Release */,
			);
			defaultConfigurationIsVisible = 0;
			defaultConfigurationName = Release;
		};
		C46529111CD8AB480064A6E2 /* Build configuration list for PBXNativeTarget "MusicVideoTests" */ = {
			isa = XCConfigurationList;
			buildConfigurations = (
				C46529121CD8AB480064A6E2 /* Debug */,
				C46529131CD8AB480064A6E2 /* Release */,
			);
			defaultConfigurationIsVisible = 0;
			defaultConfigurationName = Release;
		};
		C46529141CD8AB480064A6E2 /* Build configuration list for PBXNativeTarget "MusicVideoUITests" */ = {
			isa = XCConfigurationList;
			buildConfigurations = (
				C46529151CD8AB480064A6E2 /* Debug */,
				C46529161CD8AB480064A6E2 /* Release */,
			);
			defaultConfigurationIsVisible = 0;
			defaultConfigurationName = Release;
		};
/* End XCConfigurationList section */
	};
	rootObject = C46528DE1CD8AB480064A6E2 /* Project object */;
}
